// !$*UTF8*$!
{
	archiveVersion = 1;
	classes = {
	};
	objectVersion = 77;
	objects = {

/* Begin PBXBuildFile section */
		322D90A02E1140A0008CB02E /* PaymentSheetProxy.swift in Sources */ = {isa = PBXBuildFile; fileRef = 322D909F2E1140A0008CB02E /* PaymentSheetProxy.swift */; };
		322D90A22E1140B0008CB02E /* ApplePayConfigurationProxy.swift in Sources */ = {isa = PBXBuildFile; fileRef = 322D90A12E1140B0008CB02E /* ApplePayConfigurationProxy.swift */; };
		322D90A42E1140C0008CB02E /* AppearanceProxy.swift in Sources */ = {isa = PBXBuildFile; fileRef = 322D90A32E1140C0008CB02E /* AppearanceProxy.swift */; };
		322D90A62E1140D0008CB02E /* PaymentMethodProxy.swift in Sources */ = {isa = PBXBuildFile; fileRef = 322D90A52E1140D0008CB02E /* PaymentMethodProxy.swift */; };
		322D90A82E1140E0008CB02E /* FlowControllerProxy.swift in Sources */ = {isa = PBXBuildFile; fileRef = 322D90A72E1140E0008CB02E /* FlowControllerProxy.swift */; };
		322D90D22E15500E008CB02E /* StripeCore.xcframework in Frameworks */ = {isa = PBXBuildFile; fileRef = 322D90CD2E15500E008CB02E /* StripeCore.xcframework */; };
		322D90D32E15500E008CB02E /* StripePaymentsUI.xcframework in Frameworks */ = {isa = PBXBuildFile; fileRef = 322D90D02E15500E008CB02E /* StripePaymentsUI.xcframework */; };
		322D90D42E15500E008CB02E /* StripePaymentSheet.xcframework in Frameworks */ = {isa = PBXBuildFile; fileRef = 322D90CF2E15500E008CB02E /* StripePaymentSheet.xcframework */; };
		322D90D52E15500E008CB02E /* Stripe3DS2.xcframework in Frameworks */ = {isa = PBXBuildFile; fileRef = 322D90CB2E15500E008CB02E /* Stripe3DS2.xcframework */; };
		322D90D62E15500E008CB02E /* StripeApplePay.xcframework in Frameworks */ = {isa = PBXBuildFile; fileRef = 322D90CC2E15500E008CB02E /* StripeApplePay.xcframework */; };
		322D90D72E15500E008CB02E /* StripePayments.xcframework in Frameworks */ = {isa = PBXBuildFile; fileRef = 322D90CE2E15500E008CB02E /* StripePayments.xcframework */; };
		322D90D82E15500E008CB02E /* StripeUICore.xcframework in Frameworks */ = {isa = PBXBuildFile; fileRef = 322D90D12E15500E008CB02E /* StripeUICore.xcframework */; };
/* End PBXBuildFile section */

/* Begin PBXFileReference section */
		322D8FCF2E112598008CB02E /* Stripe_Swift_Proxy.framework */ = {isa = PBXFileReference; explicitFileType = wrapper.framework; includeInIndex = 0; path = Stripe_Swift_Proxy.framework; sourceTree = BUILT_PRODUCTS_DIR; };
		322D909F2E1140A0008CB02E /* PaymentSheetProxy.swift */ = {isa = PBXFileReference; lastKnownFileType = sourcecode.swift; path = PaymentSheetProxy.swift; sourceTree = "<group>"; };
		322D90A12E1140B0008CB02E /* ApplePayConfigurationProxy.swift */ = {isa = PBXFileReference; lastKnownFileType = sourcecode.swift; path = ApplePayConfigurationProxy.swift; sourceTree = "<group>"; };
		322D90A32E1140C0008CB02E /* AppearanceProxy.swift */ = {isa = PBXFileReference; lastKnownFileType = sourcecode.swift; path = AppearanceProxy.swift; sourceTree = "<group>"; };
		322D90A52E1140D0008CB02E /* PaymentMethodProxy.swift */ = {isa = PBXFileReference; lastKnownFileType = sourcecode.swift; path = PaymentMethodProxy.swift; sourceTree = "<group>"; };
		322D90A72E1140E0008CB02E /* FlowControllerProxy.swift */ = {isa = PBXFileReference; lastKnownFileType = sourcecode.swift; path = FlowControllerProxy.swift; sourceTree = "<group>"; };
		322D90CB2E15500E008CB02E /* Stripe3DS2.xcframework */ = {isa = PBXFileReference; lastKnownFileType = wrapper.xcframework; name = Stripe3DS2.xcframework; path = ../G1.Stripe.iOS.Bindings/stripe/Stripe3DS2.xcframework; sourceTree = "<group>"; };
		322D90CC2E15500E008CB02E /* StripeApplePay.xcframework */ = {isa = PBXFileReference; lastKnownFileType = wrapper.xcframework; name = StripeApplePay.xcframework; path = ../G1.Stripe.iOS.Bindings/stripe/StripeApplePay.xcframework; sourceTree = "<group>"; };
		322D90CD2E15500E008CB02E /* StripeCore.xcframework */ = {isa = PBXFileReference; lastKnownFileType = wrapper.xcframework; name = StripeCore.xcframework; path = ../G1.Stripe.iOS.Bindings/stripe/StripeCore.xcframework; sourceTree = "<group>"; };
		322D90CE2E15500E008CB02E /* StripePayments.xcframework */ = {isa = PBXFileReference; lastKnownFileType = wrapper.xcframework; name = StripePayments.xcframework; path = ../G1.Stripe.iOS.Bindings/stripe/StripePayments.xcframework; sourceTree = "<group>"; };
		322D90CF2E15500E008CB02E /* StripePaymentSheet.xcframework */ = {isa = PBXFileReference; lastKnownFileType = wrapper.xcframework; name = StripePaymentSheet.xcframework; path = ../G1.Stripe.iOS.Bindings/stripe/StripePaymentSheet.xcframework; sourceTree = "<group>"; };
		322D90D02E15500E008CB02E /* StripePaymentsUI.xcframework */ = {isa = PBXFileReference; lastKnownFileType = wrapper.xcframework; name = StripePaymentsUI.xcframework; path = ../G1.Stripe.iOS.Bindings/stripe/StripePaymentsUI.xcframework; sourceTree = "<group>"; };
		322D90D12E15500E008CB02E /* StripeUICore.xcframework */ = {isa = PBXFileReference; lastKnownFileType = wrapper.xcframework; name = StripeUICore.xcframework; path = ../G1.Stripe.iOS.Bindings/stripe/StripeUICore.xcframework; sourceTree = "<group>"; };
/* End PBXFileReference section */

/* Begin PBXFrameworksBuildPhase section */
		322D8FCC2E112598008CB02E /* Frameworks */ = {
			isa = PBXFrameworksBuildPhase;
			buildActionMask = 2147483647;
			files = (
				322D90D22E15500E008CB02E /* StripeCore.xcframework in Frameworks */,
				322D90D32E15500E008CB02E /* StripePaymentsUI.xcframework in Frameworks */,
				322D90D42E15500E008CB02E /* StripePaymentSheet.xcframework in Frameworks */,
				322D90D52E15500E008CB02E /* Stripe3DS2.xcframework in Frameworks */,
				322D90D62E15500E008CB02E /* StripeApplePay.xcframework in Frameworks */,
				322D90D72E15500E008CB02E /* StripePayments.xcframework in Frameworks */,
				322D90D82E15500E008CB02E /* StripeUICore.xcframework in Frameworks */,
			);
			runOnlyForDeploymentPostprocessing = 0;
		};
/* End PBXFrameworksBuildPhase section */

/* Begin PBXGroup section */
		322D8FC52E112598008CB02E = {
			isa = PBXGroup;
			children = (
				322D90A92E1140F0008CB02E /* Sources */,
				322D8FD92E1125D5008CB02E /* Frameworks */,
				322D8FD02E112598008CB02E /* Products */,
			);
			sourceTree = "<group>";
		};
		322D8FD02E112598008CB02E /* Products */ = {
			isa = PBXGroup;
			children = (
				322D8FCF2E112598008CB02E /* Stripe_Swift_Proxy.framework */,
			);
			name = Products;
			sourceTree = "<group>";
		};
		322D8FD92E1125D5008CB02E /* Frameworks */ = {
			isa = PBXGroup;
			children = (
				322D90CB2E15500E008CB02E /* Stripe3DS2.xcframework */,
				322D90CC2E15500E008CB02E /* StripeApplePay.xcframework */,
				322D90CD2E15500E008CB02E /* StripeCore.xcframework */,
				322D90CE2E15500E008CB02E /* StripePayments.xcframework */,
				322D90CF2E15500E008CB02E /* StripePaymentSheet.xcframework */,
				322D90D02E15500E008CB02E /* StripePaymentsUI.xcframework */,
				322D90D12E15500E008CB02E /* StripeUICore.xcframework */,
			);
			name = Frameworks;
			sourceTree = "<group>";
		};
		322D90A92E1140F0008CB02E /* Sources */ = {
			isa = PBXGroup;
			children = (
				322D909F2E1140A0008CB02E /* PaymentSheetProxy.swift */,
				322D90A12E1140B0008CB02E /* ApplePayConfigurationProxy.swift */,
				322D90A32E1140C0008CB02E /* AppearanceProxy.swift */,
				322D90A52E1140D0008CB02E /* PaymentMethodProxy.swift */,
				322D90A72E1140E0008CB02E /* FlowControllerProxy.swift */,
			);
			path = Sources;
			sourceTree = "<group>";
		};
/* End PBXGroup section */

/* Begin PBXHeadersBuildPhase section */
		322D8FCA2E112598008CB02E /* Headers */ = {
			isa = PBXHeadersBuildPhase;
			buildActionMask = 2147483647;
			files = (
			);
			runOnlyForDeploymentPostprocessing = 0;
		};
/* End PBXHeadersBuildPhase section */

/* Begin PBXNativeTarget section */
		322D8FCE2E112598008CB02E /* Stripe.Swift.Proxy */ = {
			isa = PBXNativeTarget;
			buildConfigurationList = 322D8FD62E112598008CB02E /* Build configuration list for PBXNativeTarget "Stripe.Swift.Proxy" */;
			buildPhases = (
				322D8FCA2E112598008CB02E /* Headers */,
				322D8FCB2E112598008CB02E /* Sources */,
				322D8FCC2E112598008CB02E /* Frameworks */,
				322D8FCD2E112598008CB02E /* Resources */,
			);
			buildRules = (
			);
			dependencies = (
			);
			name = Stripe.Swift.Proxy;
			packageProductDependencies = (
			);
			productName = Stripe.Swift.Proxy;
			productReference = 322D8FCF2E112598008CB02E /* Stripe_Swift_Proxy.framework */;
			productType = "com.apple.product-type.framework";
		};
/* End PBXNativeTarget section */

/* Begin PBXProject section */
		322D8FC62E112598008CB02E /* Project object */ = {
			isa = PBXProject;
			attributes = {
				BuildIndependentTargetsInParallel = 1;
				LastSwiftUpdateCheck = 1640;
				LastUpgradeCheck = 1640;
				TargetAttributes = {
					322D8FCE2E112598008CB02E = {
						CreatedOnToolsVersion = 16.4;
						LastSwiftMigration = 1640;
					};
				};
			};
			buildConfigurationList = 322D8FC92E112598008CB02E /* Build configuration list for PBXProject "Stripe.Swift.Proxy" */;
			developmentRegion = en;
			hasScannedForEncodings = 0;
			knownRegions = (
				en,
				Base,
			);
			mainGroup = 322D8FC52E112598008CB02E;
			minimizedProjectReferenceProxies = 1;
			preferredProjectObjectVersion = 77;
			productRefGroup = 322D8FD02E112598008CB02E /* Products */;
			projectDirPath = "";
			projectRoot = "";
			targets = (
				322D8FCE2E112598008CB02E /* Stripe.Swift.Proxy */,
			);
		};
/* End PBXProject section */

/* Begin PBXResourcesBuildPhase section */
		322D8FCD2E112598008CB02E /* Resources */ = {
			isa = PBXResourcesBuildPhase;
			buildActionMask = 2147483647;
			files = (
			);
			runOnlyForDeploymentPostprocessing = 0;
		};
/* End PBXResourcesBuildPhase section */

/* Begin PBXSourcesBuildPhase section */
		322D8FCB2E112598008CB02E /* Sources */ = {
			isa = PBXSourcesBuildPhase;
			buildActionMask = 2147483647;
			files = (
				322D90A02E1140A0008CB02E /* PaymentSheetProxy.swift in Sources */,
				322D90A22E1140B0008CB02E /* ApplePayConfigurationProxy.swift in Sources */,
				322D90A42E1140C0008CB02E /* AppearanceProxy.swift in Sources */,
				322D90A62E1140D0008CB02E /* PaymentMethodProxy.swift in Sources */,
				322D90A82E1140E0008CB02E /* FlowControllerProxy.swift in Sources */,
			);
			runOnlyForDeploymentPostprocessing = 0;
		};
/* End PBXSourcesBuildPhase section */

/* Begin XCBuildConfiguration section */
		322D8FD42E112598008CB02E /* Debug */ = {
			isa = XCBuildConfiguration;
			buildSettings = {
				ALWAYS_SEARCH_USER_PATHS = NO;
				ASSETCATALOG_COMPILER_GENERATE_SWIFT_ASSET_SYMBOL_EXTENSIONS = YES;
				CLANG_ANALYZER_NONNULL = YES;
				CLANG_ANALYZER_NUMBER_OBJECT_CONVERSION = YES_AGGRESSIVE;
				CLANG_CXX_LANGUAGE_STANDARD = "gnu++20";
				CLANG_ENABLE_MODULES = YES;
				CLANG_ENABLE_OBJC_ARC = YES;
				CLANG_ENABLE_OBJC_WEAK = YES;
				CLANG_WARN_BLOCK_CAPTURE_AUTORELEASING = YES;
				CLANG_WARN_BOOL_CONVERSION = YES;
				CLANG_WARN_COMMA = YES;
				CLANG_WARN_CONSTANT_CONVERSION = YES;
				CLANG_WARN_DEPRECATED_OBJC_IMPLEMENTATIONS = YES;
				CLANG_WARN_DIRECT_OBJC_ISA_USAGE = YES_ERROR;
				CLANG_WARN_DOCUMENTATION_COMMENTS = YES;
				CLANG_WARN_EMPTY_BODY = YES;
				CLANG_WARN_ENUM_CONVERSION = YES;
				CLANG_WARN_INFINITE_RECURSION = YES;
				CLANG_WARN_INT_CONVERSION = YES;
				CLANG_WARN_NON_LITERAL_NULL_CONVERSION = YES;
				CLANG_WARN_OBJC_IMPLICIT_RETAIN_SELF = YES;
				CLANG_WARN_OBJC_LITERAL_CONVERSION = YES;
				CLANG_WARN_OBJC_ROOT_CLASS = YES_ERROR;
				CLANG_WARN_QUOTED_INCLUDE_IN_FRAMEWORK_HEADER = YES;
				CLANG_WARN_RANGE_LOOP_ANALYSIS = YES;
				CLANG_WARN_STRICT_PROTOTYPES = YES;
				CLANG_WARN_SUSPICIOUS_MOVE = YES;
				CLANG_WARN_UNGUARDED_AVAILABILITY = YES_AGGRESSIVE;
				CLANG_WARN_UNREACHABLE_CODE = YES;
				CLANG_WARN__DUPLICATE_METHOD_MATCH = YES;
				COPY_PHASE_STRIP = NO;
				CURRENT_PROJECT_VERSION = 1;
				DEBUG_INFORMATION_FORMAT = dwarf;
				DEVELOPMENT_TEAM = "";
				ENABLE_STRICT_OBJC_MSGSEND = YES;
				ENABLE_TESTABILITY = YES;
				ENABLE_USER_SCRIPT_SANDBOXING = YES;
				GCC_C_LANGUAGE_STANDARD = gnu17;
				GCC_DYNAMIC_NO_PIC = NO;
				GCC_NO_COMMON_BLOCKS = YES;
				GCC_OPTIMIZATION_LEVEL = 0;
				GCC_PREPROCESSOR_DEFINITIONS = (
					"DEBUG=1",
					"$(inherited)",
				);
				GCC_WARN_64_TO_32_BIT_CONVERSION = YES;
				GCC_WARN_ABOUT_RETURN_TYPE = YES_ERROR;
				GCC_WARN_UNDECLARED_SELECTOR = YES;
				GCC_WARN_UNINITIALIZED_AUTOS = YES_AGGRESSIVE;
				GCC_WARN_UNUSED_FUNCTION = YES;
				GCC_WARN_UNUSED_VARIABLE = YES;
				IPHONEOS_DEPLOYMENT_TARGET = 18.5;
				LOCALIZATION_PREFERS_STRING_CATALOGS = YES;
				MTL_ENABLE_DEBUG_INFO = INCLUDE_SOURCE;
				MTL_FAST_MATH = YES;
				ONLY_ACTIVE_ARCH = YES;
				SDKROOT = iphoneos;
				SWIFT_ACTIVE_COMPILATION_CONDITIONS = "DEBUG $(inherited)";
				SWIFT_OPTIMIZATION_LEVEL = "-Onone";
				VERSIONING_SYSTEM = "apple-generic";
				VERSION_INFO_PREFIX = "";
			};
			name = Debug;
		};
		322D8FD52E112598008CB02E /* Release */ = {
			isa = XCBuildConfiguration;
			buildSettings = {
				ALWAYS_SEARCH_USER_PATHS = NO;
				ASSETCATALOG_COMPILER_GENERATE_SWIFT_ASSET_SYMBOL_EXTENSIONS = YES;
				CLANG_ANALYZER_NONNULL = YES;
				CLANG_ANALYZER_NUMBER_OBJECT_CONVERSION = YES_AGGRESSIVE;
				CLANG_CXX_LANGUAGE_STANDARD = "gnu++20";
				CLANG_ENABLE_MODULES = YES;
				CLANG_ENABLE_OBJC_ARC = YES;
				CLANG_ENABLE_OBJC_WEAK = YES;
				CLANG_WARN_BLOCK_CAPTURE_AUTORELEASING = YES;
				CLANG_WARN_BOOL_CONVERSION = YES;
				CLANG_WARN_COMMA = YES;
				CLANG_WARN_CONSTANT_CONVERSION = YES;
				CLANG_WARN_DEPRECATED_OBJC_IMPLEMENTATIONS = YES;
				CLANG_WARN_DIRECT_OBJC_ISA_USAGE = YES_ERROR;
				CLANG_WARN_DOCUMENTATION_COMMENTS = YES;
				CLANG_WARN_EMPTY_BODY = YES;
				CLANG_WARN_ENUM_CONVERSION = YES;
				CLANG_WARN_INFINITE_RECURSION = YES;
				CLANG_WARN_INT_CONVERSION = YES;
				CLANG_WARN_NON_LITERAL_NULL_CONVERSION = YES;
				CLANG_WARN_OBJC_IMPLICIT_RETAIN_SELF = YES;
				CLANG_WARN_OBJC_LITERAL_CONVERSION = YES;
				CLANG_WARN_OBJC_ROOT_CLASS = YES_ERROR;
				CLANG_WARN_QUOTED_INCLUDE_IN_FRAMEWORK_HEADER = YES;
				CLANG_WARN_RANGE_LOOP_ANALYSIS = YES;
				CLANG_WARN_STRICT_PROTOTYPES = YES;
				CLANG_WARN_SUSPICIOUS_MOVE = YES;
				CLANG_WARN_UNGUARDED_AVAILABILITY = YES_AGGRESSIVE;
				CLANG_WARN_UNREACHABLE_CODE = YES;
				CLANG_WARN__DUPLICATE_METHOD_MATCH = YES;
				COPY_PHASE_STRIP = NO;
				CURRENT_PROJECT_VERSION = 1;
				DEBUG_INFORMATION_FORMAT = "dwarf-with-dsym";
				DEVELOPMENT_TEAM = "";
				ENABLE_NS_ASSERTIONS = NO;
				ENABLE_STRICT_OBJC_MSGSEND = YES;
				ENABLE_USER_SCRIPT_SANDBOXING = YES;
				GCC_C_LANGUAGE_STANDARD = gnu17;
				GCC_NO_COMMON_BLOCKS = YES;
				GCC_WARN_64_TO_32_BIT_CONVERSION = YES;
				GCC_WARN_ABOUT_RETURN_TYPE = YES_ERROR;
				GCC_WARN_UNDECLARED_SELECTOR = YES;
				GCC_WARN_UNINITIALIZED_AUTOS = YES_AGGRESSIVE;
				GCC_WARN_UNUSED_FUNCTION = YES;
				GCC_WARN_UNUSED_VARIABLE = YES;
				IPHONEOS_DEPLOYMENT_TARGET = 18.5;
				LOCALIZATION_PREFERS_STRING_CATALOGS = YES;
				MTL_ENABLE_DEBUG_INFO = NO;
				MTL_FAST_MATH = YES;
				SDKROOT = iphoneos;
				SWIFT_COMPILATION_MODE = wholemodule;
				VALIDATE_PRODUCT = YES;
				VERSIONING_SYSTEM = "apple-generic";
				VERSION_INFO_PREFIX = "";
			};
			name = Release;
		};
		322D8FD72E112598008CB02E /* Debug */ = {
			isa = XCBuildConfiguration;
			buildSettings = {
				APPLY_RULES_IN_COPY_HEADERS = YES;
				BUILD_LIBRARY_FOR_DISTRIBUTION = YES;
				CLANG_ENABLE_MODULES = YES;
				CODE_SIGN_IDENTITY = "";
				CODE_SIGN_STYLE = Manual;
				CURRENT_PROJECT_VERSION = 1;
				DEFINES_MODULE = YES;
				DEVELOPMENT_TEAM = "";
				DYLIB_COMPATIBILITY_VERSION = 1;
				DYLIB_CURRENT_VERSION = 1;
				DYLIB_INSTALL_NAME_BASE = "@rpath";
				ENABLE_MODULE_VERIFIER = YES;
				GENERATE_INFOPLIST_FILE = YES;
				INFOPLIST_KEY_NSHumanReadableCopyright = "";
				INSTALL_PATH = "$(LOCAL_LIBRARY_DIR)/Frameworks";
				LD_RUNPATH_SEARCH_PATHS = (
					"$(inherited)",
					"@executable_path/Frameworks",
					"@loader_path/Frameworks",
				);
				MARKETING_VERSION = 1.0;
				MODULE_VERIFIER_SUPPORTED_LANGUAGES = "objective-c objective-c++";
				MODULE_VERIFIER_SUPPORTED_LANGUAGE_STANDARDS = "gnu17 gnu++20";
				PRODUCT_BUNDLE_IDENTIFIER = "Dmitry-Kaznacheev.Stripe-Swift-Proxy";
				PRODUCT_NAME = "$(TARGET_NAME:c99extidentifier)";
				SKIP_INSTALL = YES;
				SUPPORTED_PLATFORMS = "iphoneos iphonesimulator";
				SUPPORTS_MACCATALYST = NO;
				SUPPORTS_MAC_DESIGNED_FOR_IPHONE_IPAD = NO;
				SUPPORTS_XR_DESIGNED_FOR_IPHONE_IPAD = NO;
				SWIFT_EMIT_LOC_STRINGS = YES;
				SWIFT_INSTALL_MODULE = YES;
				SWIFT_INSTALL_OBJC_HEADER = YES;
				SWIFT_OBJC_BRIDGING_HEADER = "";
				SWIFT_OPTIMIZATION_LEVEL = "-Onone";
				SWIFT_VERSION = 5.0;
				TARGETED_DEVICE_FAMILY = 1;
			};
			name = Debug;
		};
		322D8FD82E112598008CB02E /* Release */ = {
			isa = XCBuildConfiguration;
			buildSettings = {
				APPLY_RULES_IN_COPY_HEADERS = YES;
				BUILD_LIBRARY_FOR_DISTRIBUTION = YES;
				CLANG_ENABLE_MODULES = YES;
				CODE_SIGN_IDENTITY = "";
				CODE_SIGN_STYLE = Manual;
				CURRENT_PROJECT_VERSION = 1;
				DEFINES_MODULE = YES;
				DEVELOPMENT_TEAM = "";
				DYLIB_COMPATIBILITY_VERSION = 1;
				DYLIB_CURRENT_VERSION = 1;
				DYLIB_INSTALL_NAME_BASE = "@rpath";
				ENABLE_MODULE_VERIFIER = YES;
				GENERATE_INFOPLIST_FILE = YES;
				INFOPLIST_KEY_NSHumanReadableCopyright = "";
				INSTALL_PATH = "$(LOCAL_LIBRARY_DIR)/Frameworks";
				LD_RUNPATH_SEARCH_PATHS = (
					"$(inherited)",
					"@executable_path/Frameworks",
					"@loader_path/Frameworks",
				);
				MARKETING_VERSION = 1.0;
				MODULE_VERIFIER_SUPPORTED_LANGUAGES = "objective-c objective-c++";
				MODULE_VERIFIER_SUPPORTED_LANGUAGE_STANDARDS = "gnu17 gnu++20";
				PRODUCT_BUNDLE_IDENTIFIER = "Dmitry-Kaznacheev.Stripe-Swift-Proxy";
				PRODUCT_NAME = "$(TARGET_NAME:c99extidentifier)";
				SKIP_INSTALL = YES;
				SUPPORTED_PLATFORMS = "iphoneos iphonesimulator";
				SUPPORTS_MACCATALYST = NO;
				SUPPORTS_MAC_DESIGNED_FOR_IPHONE_IPAD = NO;
				SUPPORTS_XR_DESIGNED_FOR_IPHONE_IPAD = NO;
				SWIFT_EMIT_LOC_STRINGS = YES;
				SWIFT_INSTALL_MODULE = YES;
				SWIFT_INSTALL_OBJC_HEADER = YES;
				SWIFT_OBJC_BRIDGING_HEADER = "";
				SWIFT_VERSION = 5.0;
				TARGETED_DEVICE_FAMILY = 1;
			};
			name = Release;
		};
/* End XCBuildConfiguration section */

/* Begin XCConfigurationList section */
		322D8FC92E112598008CB02E /* Build configuration list for PBXProject "Stripe.Swift.Proxy" */ = {
			isa = XCConfigurationList;
			buildConfigurations = (
				322D8FD42E112598008CB02E /* Debug */,
				322D8FD52E112598008CB02E /* Release */,
			);
			defaultConfigurationIsVisible = 0;
			defaultConfigurationName = Release;
		};
		322D8FD62E112598008CB02E /* Build configuration list for PBXNativeTarget "Stripe.Swift.Proxy" */ = {
			isa = XCConfigurationList;
			buildConfigurations = (
				322D8FD72E112598008CB02E /* Debug */,
				322D8FD82E112598008CB02E /* Release */,
			);
			defaultConfigurationIsVisible = 0;
			defaultConfigurationName = Release;
		};
/* End XCConfigurationList section */
	};
	rootObject = 322D8FC62E112598008CB02E /* Project object */;
}
